
Microsoft Visual Studio Solution File, Format Version 12.00
# Visual Studio Version 17
VisualStudioVersion = 17.11.35327.3
MinimumVisualStudioVersion = 10.0.40219.1
Project("{FAE04EC0-301F-11D3-BF4B-00C04F79EFBC}") = "BasicCalculator", "BasicCalculator\BasicCalculator.csproj", "{FA9D437D-7D62-4D2B-A1BC-A091A3DE6474}"
EndProject
Project("{FAE04EC0-301F-11D3-BF4B-00C04F79EFBC}") = "BasicPrivateAssembly", "BasicPrivateAssembly\BasicPrivateAssembly.csproj", "{32D644BD-1A06-4AC4-978D-650A77F10FA7}"
EndProject
Global
	GlobalSection(SolutionConfigurationPlatforms) = preSolution
		Debug|Any CPU = Debug|Any CPU
		Release|Any CPU = Release|Any CPU
	EndGlobalSection
	GlobalSection(ProjectConfigurationPlatforms) = postSolution
		{FA9D437D-7D62-4D2B-A1BC-A091A3DE6474}.Debug|Any CPU.ActiveCfg = Debug|Any CPU
		{FA9D437D-7D62-4D2B-A1BC-A091A3DE6474}.Debug|Any CPU.Build.0 = Debug|Any CPU
		{FA9D437D-7D62-4D2B-A1BC-A091A3DE6474}.Release|Any CPU.ActiveCfg = Release|Any CPU
		{FA9D437D-7D62-4D2B-A1BC-A091A3DE6474}.Release|Any CPU.Build.0 = Release|Any CPU
		{32D644BD-1A06-4AC4-978D-650A77F10FA7}.Debug|Any CPU.ActiveCfg = Debug|Any CPU
		{32D644BD-1A06-4AC4-978D-650A77F10FA7}.Debug|Any CPU.Build.0 = Debug|Any CPU
		{32D644BD-1A06-4AC4-978D-650A77F10FA7}.Release|Any CPU.ActiveCfg = Release|Any CPU
		{32D644BD-1A06-4AC4-978D-650A77F10FA7}.Release|Any CPU.Build.0 = Release|Any CPU
	EndGlobalSection
	GlobalSection(SolutionProperties) = preSolution
		HideSolutionNode = FALSE
	EndGlobalSection
	GlobalSection(ExtensibilityGlobals) = postSolution
		SolutionGuid = {E314FCDF-712D-4B70-BD86-950A88FE2F21}
	EndGlobalSection
EndGlobal
